
Microsoft Visual Studio Solution File, Format Version 12.00
Project("{2150E333-8FDC-42A3-9474-1A3956D46DE8}") = "src", "src", "{275C5535-E1AB-4FED-AFDD-9B99C120C65C}"
EndProject
Project("{2150E333-8FDC-42A3-9474-1A3956D46DE8}") = "BuildingBlocks", "BuildingBlocks", "{528254D5-5E9F-47BC-8028-C6A50376BDAB}"
EndProject
Project("{2150E333-8FDC-42A3-9474-1A3956D46DE8}") = "EventBus", "EventBus", "{FB53A4F8-910D-47A9-85EF-A566031A8C01}"
EndProject
Project("{FAE04EC0-301F-11D3-BF4B-00C04F79EFBC}") = "EventBus.Base", "src\BuildingBlocks\EventBus\EventBus.Base\EventBus.Base.csproj", "{44098505-BA81-4D1F-ABCD-688D050422E0}"
EndProject
Project("{FAE04EC0-301F-11D3-BF4B-00C04F79EFBC}") = "EventBus.AzureServiceBus", "src\BuildingBlocks\EventBus\EventBus.AzureServiceBus\EventBus.AzureServiceBus.csproj", "{BA50DA5F-EFB1-48D5-884B-F2A90D567EAA}"
EndProject
Project("{FAE04EC0-301F-11D3-BF4B-00C04F79EFBC}") = "EventBus.RabbitMQ", "src\BuildingBlocks\EventBus\EventBus.RabbitMQ\EventBus.RabbitMQ.csproj", "{6078C4CF-6C34-4402-B01E-FA546C09B50B}"
EndProject
Project("{FAE04EC0-301F-11D3-BF4B-00C04F79EFBC}") = "EventBus.Factory", "src\BuildingBlocks\EventBus\EventBus.Factory\EventBus.Factory.csproj", "{1D1A62C2-CB3D-42B1-8BEC-B4D2403DED38}"
EndProject
Project("{2150E333-8FDC-42A3-9474-1A3956D46DE8}") = "Services", "Services", "{130EFC4D-C75F-4D3E-A16B-68193F683BDC}"
EndProject
Project("{2150E333-8FDC-42A3-9474-1A3956D46DE8}") = "IdentityService", "IdentityService", "{C462A117-A100-4C58-A450-F76D7F3485D9}"
EndProject
Project("{FAE04EC0-301F-11D3-BF4B-00C04F79EFBC}") = "IdentityService.Api", "src\Services\IdentityService\IdentityService.Api\IdentityService.Api.csproj", "{90D1306E-531C-4BAB-A6C8-F2D25E10FE70}"
EndProject
Global
	GlobalSection(SolutionConfigurationPlatforms) = preSolution
		Debug|Any CPU = Debug|Any CPU
		Release|Any CPU = Release|Any CPU
	EndGlobalSection
	GlobalSection(NestedProjects) = preSolution
		{528254D5-5E9F-47BC-8028-C6A50376BDAB} = {275C5535-E1AB-4FED-AFDD-9B99C120C65C}
		{FB53A4F8-910D-47A9-85EF-A566031A8C01} = {528254D5-5E9F-47BC-8028-C6A50376BDAB}
		{44098505-BA81-4D1F-ABCD-688D050422E0} = {FB53A4F8-910D-47A9-85EF-A566031A8C01}
		{BA50DA5F-EFB1-48D5-884B-F2A90D567EAA} = {FB53A4F8-910D-47A9-85EF-A566031A8C01}
		{6078C4CF-6C34-4402-B01E-FA546C09B50B} = {FB53A4F8-910D-47A9-85EF-A566031A8C01}
		{1D1A62C2-CB3D-42B1-8BEC-B4D2403DED38} = {FB53A4F8-910D-47A9-85EF-A566031A8C01}
		{130EFC4D-C75F-4D3E-A16B-68193F683BDC} = {275C5535-E1AB-4FED-AFDD-9B99C120C65C}
		{C462A117-A100-4C58-A450-F76D7F3485D9} = {130EFC4D-C75F-4D3E-A16B-68193F683BDC}
		{90D1306E-531C-4BAB-A6C8-F2D25E10FE70} = {C462A117-A100-4C58-A450-F76D7F3485D9}
	EndGlobalSection
	GlobalSection(ProjectConfigurationPlatforms) = postSolution
		{44098505-BA81-4D1F-ABCD-688D050422E0}.Debug|Any CPU.ActiveCfg = Debug|Any CPU
		{44098505-BA81-4D1F-ABCD-688D050422E0}.Debug|Any CPU.Build.0 = Debug|Any CPU
		{44098505-BA81-4D1F-ABCD-688D050422E0}.Release|Any CPU.ActiveCfg = Release|Any CPU
		{44098505-BA81-4D1F-ABCD-688D050422E0}.Release|Any CPU.Build.0 = Release|Any CPU
		{BA50DA5F-EFB1-48D5-884B-F2A90D567EAA}.Debug|Any CPU.ActiveCfg = Debug|Any CPU
		{BA50DA5F-EFB1-48D5-884B-F2A90D567EAA}.Debug|Any CPU.Build.0 = Debug|Any CPU
		{BA50DA5F-EFB1-48D5-884B-F2A90D567EAA}.Release|Any CPU.ActiveCfg = Release|Any CPU
		{BA50DA5F-EFB1-48D5-884B-F2A90D567EAA}.Release|Any CPU.Build.0 = Release|Any CPU
		{6078C4CF-6C34-4402-B01E-FA546C09B50B}.Debug|Any CPU.ActiveCfg = Debug|Any CPU
		{6078C4CF-6C34-4402-B01E-FA546C09B50B}.Debug|Any CPU.Build.0 = Debug|Any CPU
		{6078C4CF-6C34-4402-B01E-FA546C09B50B}.Release|Any CPU.ActiveCfg = Release|Any CPU
		{6078C4CF-6C34-4402-B01E-FA546C09B50B}.Release|Any CPU.Build.0 = Release|Any CPU
		{1D1A62C2-CB3D-42B1-8BEC-B4D2403DED38}.Debug|Any CPU.ActiveCfg = Debug|Any CPU
		{1D1A62C2-CB3D-42B1-8BEC-B4D2403DED38}.Debug|Any CPU.Build.0 = Debug|Any CPU
		{1D1A62C2-CB3D-42B1-8BEC-B4D2403DED38}.Release|Any CPU.ActiveCfg = Release|Any CPU
		{1D1A62C2-CB3D-42B1-8BEC-B4D2403DED38}.Release|Any CPU.Build.0 = Release|Any CPU
		{90D1306E-531C-4BAB-A6C8-F2D25E10FE70}.Debug|Any CPU.ActiveCfg = Debug|Any CPU
		{90D1306E-531C-4BAB-A6C8-F2D25E10FE70}.Debug|Any CPU.Build.0 = Debug|Any CPU
		{90D1306E-531C-4BAB-A6C8-F2D25E10FE70}.Release|Any CPU.ActiveCfg = Release|Any CPU
		{90D1306E-531C-4BAB-A6C8-F2D25E10FE70}.Release|Any CPU.Build.0 = Release|Any CPU
	EndGlobalSection
EndGlobal
